{
  "name": "aka-cli",
  "version": "1.0.25",
  "lockfileVersion": 3,
  "requires": true,
  "packages": {
    "": {
      "name": "aka-cli",
      "version": "1.0.25",
      "hasInstallScript": true,
      "license": "MIT",
      "os": [
        "darwin",
        "linux"
      ],
      "bin": {
        "aka": "bin/aka.js"
      },
      "engines": {
        "node": ">=14"
      }
    }
  }
}
